
Microsoft Visual Studio Solution File, Format Version 12.00
# Visual Studio 15
VisualStudioVersion = 15.0.28307.705
MinimumVisualStudioVersion = 10.0.40219.1
Project("{888888A0-9F3D-457C-B088-3A5042F75D52}") = "PytorchClassNet-GPU", "PytorchClassNet-GPU.pyproj", "{311287D6-A67A-4DCB-8E9A-491D1502A004}"
EndProject
Global
	GlobalSection(SolutionConfigurationPlatforms) = preSolution
		Debug|Any CPU = Debug|Any CPU
		Release|Any CPU = Release|Any CPU
	EndGlobalSection
	GlobalSection(ProjectConfigurationPlatforms) = postSolution
		{311287D6-A67A-4DCB-8E9A-491D1502A004}.Debug|Any CPU.ActiveCfg = Debug|Any CPU
		{311287D6-A67A-4DCB-8E9A-491D1502A004}.Release|Any CPU.ActiveCfg = Release|Any CPU
	EndGlobalSection
	GlobalSection(SolutionProperties) = preSolution
		HideSolutionNode = FALSE
	EndGlobalSection
	GlobalSection(ExtensibilityGlobals) = postSolution
		SolutionGuid = {1ABA9663-4AE3-4573-BD47-81B3216B78BD}
	EndGlobalSection
EndGlobal
